
Microsoft Visual Studio Solution File, Format Version 12.00
# Visual Studio Version 17
VisualStudioVersion = 17.14.36202.13 d17.14
MinimumVisualStudioVersion = 10.0.40219.1
Project("{FAE04EC0-301F-11D3-BF4B-00C04F79EFBC}") = "SchoolManagementAPI", "SchoolManagementAPI\SchoolManagementAPI.csproj", "{BC1D9FE8-3C70-4D55-9DD8-3EC15DBC41E4}"
EndProject
Global
	GlobalSection(SolutionConfigurationPlatforms) = preSolution
		Debug|Any CPU = Debug|Any CPU
		Release|Any CPU = Release|Any CPU
	EndGlobalSection
	GlobalSection(ProjectConfigurationPlatforms) = postSolution
		{BC1D9FE8-3C70-4D55-9DD8-3EC15DBC41E4}.Debug|Any CPU.ActiveCfg = Debug|Any CPU
		{BC1D9FE8-3C70-4D55-9DD8-3EC15DBC41E4}.Debug|Any CPU.Build.0 = Debug|Any CPU
		{BC1D9FE8-3C70-4D55-9DD8-3EC15DBC41E4}.Release|Any CPU.ActiveCfg = Release|Any CPU
		{BC1D9FE8-3C70-4D55-9DD8-3EC15DBC41E4}.Release|Any CPU.Build.0 = Release|Any CPU
	EndGlobalSection
	GlobalSection(SolutionProperties) = preSolution
		HideSolutionNode = FALSE
	EndGlobalSection
	GlobalSection(ExtensibilityGlobals) = postSolution
		SolutionGuid = {5DAADD07-86EF-458D-9C98-9A8001BD7A54}
	EndGlobalSection
EndGlobal
